
Microsoft Visual Studio Solution File, Format Version 12.00
# Visual Studio 15
VisualStudioVersion = 15.0.28307.852
MinimumVisualStudioVersion = 10.0.40219.1
Project("{2150E333-8FDC-42A3-9474-1A3956D46DE8}") = "Test", "Test", "{8C43E953-CAAB-4F87-8414-40F6A8383F2B}"
EndProject
Project("{2150E333-8FDC-42A3-9474-1A3956D46DE8}") = "Application", "Application", "{7E00F61D-3434-4DFC-8598-501B455EF489}"
EndProject
Project("{2150E333-8FDC-42A3-9474-1A3956D46DE8}") = "Presentation", "Presentation", "{579B196D-BC30-406B-9930-703393D4D0D5}"
EndProject
Project("{9A19103F-16F7-4668-BE54-9A1E7A4F7556}") = "BusinessLogic", "BusinessLogic\BusinessLogic.csproj", "{621AAF0A-42DF-43F0-A20A-A0FF8BBA6576}"
EndProject
Project("{9A19103F-16F7-4668-BE54-9A1E7A4F7556}") = "BusinessLogicTests", "BusinessLogicTests\BusinessLogicTests.csproj", "{C62CFAC7-F36E-49AB-B00A-E74E1812FDEC}"
EndProject
Project("{FAE04EC0-301F-11D3-BF4B-00C04F79EFBC}") = "ConsoleApp", "ConsoleApp\ConsoleApp.csproj", "{57B6B626-2DE6-403E-88FF-C4CE813B4055}"
EndProject
Global
	GlobalSection(SolutionConfigurationPlatforms) = preSolution
		Debug|Any CPU = Debug|Any CPU
		Release|Any CPU = Release|Any CPU
	EndGlobalSection
	GlobalSection(ProjectConfigurationPlatforms) = postSolution
		{621AAF0A-42DF-43F0-A20A-A0FF8BBA6576}.Debug|Any CPU.ActiveCfg = Debug|Any CPU
		{621AAF0A-42DF-43F0-A20A-A0FF8BBA6576}.Debug|Any CPU.Build.0 = Debug|Any CPU
		{621AAF0A-42DF-43F0-A20A-A0FF8BBA6576}.Release|Any CPU.ActiveCfg = Release|Any CPU
		{621AAF0A-42DF-43F0-A20A-A0FF8BBA6576}.Release|Any CPU.Build.0 = Release|Any CPU
		{C62CFAC7-F36E-49AB-B00A-E74E1812FDEC}.Debug|Any CPU.ActiveCfg = Debug|Any CPU
		{C62CFAC7-F36E-49AB-B00A-E74E1812FDEC}.Debug|Any CPU.Build.0 = Debug|Any CPU
		{C62CFAC7-F36E-49AB-B00A-E74E1812FDEC}.Release|Any CPU.ActiveCfg = Release|Any CPU
		{C62CFAC7-F36E-49AB-B00A-E74E1812FDEC}.Release|Any CPU.Build.0 = Release|Any CPU
		{57B6B626-2DE6-403E-88FF-C4CE813B4055}.Debug|Any CPU.ActiveCfg = Debug|Any CPU
		{57B6B626-2DE6-403E-88FF-C4CE813B4055}.Debug|Any CPU.Build.0 = Debug|Any CPU
		{57B6B626-2DE6-403E-88FF-C4CE813B4055}.Release|Any CPU.ActiveCfg = Release|Any CPU
		{57B6B626-2DE6-403E-88FF-C4CE813B4055}.Release|Any CPU.Build.0 = Release|Any CPU
	EndGlobalSection
	GlobalSection(SolutionProperties) = preSolution
		HideSolutionNode = FALSE
	EndGlobalSection
	GlobalSection(NestedProjects) = preSolution
		{621AAF0A-42DF-43F0-A20A-A0FF8BBA6576} = {7E00F61D-3434-4DFC-8598-501B455EF489}
		{C62CFAC7-F36E-49AB-B00A-E74E1812FDEC} = {8C43E953-CAAB-4F87-8414-40F6A8383F2B}
		{57B6B626-2DE6-403E-88FF-C4CE813B4055} = {579B196D-BC30-406B-9930-703393D4D0D5}
	EndGlobalSection
	GlobalSection(ExtensibilityGlobals) = postSolution
		SolutionGuid = {F1D151E4-B421-445C-BF69-21F6E799074D}
	EndGlobalSection
EndGlobal
